
Microsoft Visual Studio Solution File, Format Version 12.00
# Visual Studio Version 16
VisualStudioVersion = 16.0.30204.135
MinimumVisualStudioVersion = 10.0.40219.1
Project("{FAE04EC0-301F-11D3-BF4B-00C04F79EFBC}") = "HackathonApi", "TodoApi\HackathonApi.csproj", "{EC4063C3-FC56-41FB-B479-7E57DE469368}"
EndProject
Global
	GlobalSection(SolutionConfigurationPlatforms) = preSolution
		Debug|Any CPU = Debug|Any CPU
		Release|Any CPU = Release|Any CPU
	EndGlobalSection
	GlobalSection(ProjectConfigurationPlatforms) = postSolution
		{EC4063C3-FC56-41FB-B479-7E57DE469368}.Debug|Any CPU.ActiveCfg = Debug|Any CPU
		{EC4063C3-FC56-41FB-B479-7E57DE469368}.Debug|Any CPU.Build.0 = Debug|Any CPU
		{EC4063C3-FC56-41FB-B479-7E57DE469368}.Release|Any CPU.ActiveCfg = Release|Any CPU
		{EC4063C3-FC56-41FB-B479-7E57DE469368}.Release|Any CPU.Build.0 = Release|Any CPU
	EndGlobalSection
	GlobalSection(SolutionProperties) = preSolution
		HideSolutionNode = FALSE
	EndGlobalSection
	GlobalSection(ExtensibilityGlobals) = postSolution
		SolutionGuid = {7B50C4A9-3EF7-4BBD-B9F4-00ECEE365711}
	EndGlobalSection
EndGlobal
